
Microsoft Visual Studio Solution File, Format Version 12.00
# Visual Studio 14
VisualStudioVersion = 14.0.25420.1
MinimumVisualStudioVersion = 10.0.40219.1
Project("{FAE04EC0-301F-11D3-BF4B-00C04F79EFBC}") = "UnknownGame", "UnknownGame\UnknownGame.csproj", "{FE70158A-9353-4F22-867C-A6A94EACD778}"
EndProject
Global
	GlobalSection(SolutionConfigurationPlatforms) = preSolution
		Debug|x86 = Debug|x86
		Release|x86 = Release|x86
	EndGlobalSection
	GlobalSection(ProjectConfigurationPlatforms) = postSolution
		{FE70158A-9353-4F22-867C-A6A94EACD778}.Debug|x86.ActiveCfg = Debug|x86
		{FE70158A-9353-4F22-867C-A6A94EACD778}.Debug|x86.Build.0 = Debug|x86
		{FE70158A-9353-4F22-867C-A6A94EACD778}.Release|x86.ActiveCfg = Release|x86
		{FE70158A-9353-4F22-867C-A6A94EACD778}.Release|x86.Build.0 = Release|x86
	EndGlobalSection
	GlobalSection(SolutionProperties) = preSolution
		HideSolutionNode = FALSE
	EndGlobalSection
EndGlobal
